
Microsoft Visual Studio Solution File, Format Version 12.00
# Visual Studio Version 17
VisualStudioVersion = 17.0.32126.317
MinimumVisualStudioVersion = 10.0.40219.1
Project("{FAE04EC0-301F-11D3-BF4B-00C04F79EFBC}") = "Entities", "Entities\Entities.csproj", "{C6B7658C-B040-496A-8E36-1E78B276E3D6}"
EndProject
Project("{FAE04EC0-301F-11D3-BF4B-00C04F79EFBC}") = "Business", "Business\Business.csproj", "{343EEE1F-8054-4A19-83EC-E8DBD61160BA}"
EndProject
Project("{FAE04EC0-301F-11D3-BF4B-00C04F79EFBC}") = "DataAccess", "DataAccess\DataAccess.csproj", "{9C3E2E25-7C0E-4DB7-BD11-70FB85231D0F}"
EndProject
Project("{FAE04EC0-301F-11D3-BF4B-00C04F79EFBC}") = "Core", "Core\Core.csproj", "{3EF3A587-E247-4566-8C56-965A291F5FF6}"
EndProject
Project("{FAE04EC0-301F-11D3-BF4B-00C04F79EFBC}") = "PresentationLayer", "PresentationLayer\PresentationLayer.csproj", "{B6CEDBF8-C2D3-40B5-A299-89385042D613}"
EndProject
Global
	GlobalSection(SolutionConfigurationPlatforms) = preSolution
		Debug|Any CPU = Debug|Any CPU
		Release|Any CPU = Release|Any CPU
	EndGlobalSection
	GlobalSection(ProjectConfigurationPlatforms) = postSolution
		{C6B7658C-B040-496A-8E36-1E78B276E3D6}.Debug|Any CPU.ActiveCfg = Debug|Any CPU
		{C6B7658C-B040-496A-8E36-1E78B276E3D6}.Debug|Any CPU.Build.0 = Debug|Any CPU
		{C6B7658C-B040-496A-8E36-1E78B276E3D6}.Release|Any CPU.ActiveCfg = Release|Any CPU
		{C6B7658C-B040-496A-8E36-1E78B276E3D6}.Release|Any CPU.Build.0 = Release|Any CPU
		{343EEE1F-8054-4A19-83EC-E8DBD61160BA}.Debug|Any CPU.ActiveCfg = Debug|Any CPU
		{343EEE1F-8054-4A19-83EC-E8DBD61160BA}.Debug|Any CPU.Build.0 = Debug|Any CPU
		{343EEE1F-8054-4A19-83EC-E8DBD61160BA}.Release|Any CPU.ActiveCfg = Release|Any CPU
		{343EEE1F-8054-4A19-83EC-E8DBD61160BA}.Release|Any CPU.Build.0 = Release|Any CPU
		{9C3E2E25-7C0E-4DB7-BD11-70FB85231D0F}.Debug|Any CPU.ActiveCfg = Debug|Any CPU
		{9C3E2E25-7C0E-4DB7-BD11-70FB85231D0F}.Debug|Any CPU.Build.0 = Debug|Any CPU
		{9C3E2E25-7C0E-4DB7-BD11-70FB85231D0F}.Release|Any CPU.ActiveCfg = Release|Any CPU
		{9C3E2E25-7C0E-4DB7-BD11-70FB85231D0F}.Release|Any CPU.Build.0 = Release|Any CPU
		{3EF3A587-E247-4566-8C56-965A291F5FF6}.Debug|Any CPU.ActiveCfg = Debug|Any CPU
		{3EF3A587-E247-4566-8C56-965A291F5FF6}.Debug|Any CPU.Build.0 = Debug|Any CPU
		{3EF3A587-E247-4566-8C56-965A291F5FF6}.Release|Any CPU.ActiveCfg = Release|Any CPU
		{3EF3A587-E247-4566-8C56-965A291F5FF6}.Release|Any CPU.Build.0 = Release|Any CPU
		{B6CEDBF8-C2D3-40B5-A299-89385042D613}.Debug|Any CPU.ActiveCfg = Debug|Any CPU
		{B6CEDBF8-C2D3-40B5-A299-89385042D613}.Debug|Any CPU.Build.0 = Debug|Any CPU
		{B6CEDBF8-C2D3-40B5-A299-89385042D613}.Release|Any CPU.ActiveCfg = Release|Any CPU
		{B6CEDBF8-C2D3-40B5-A299-89385042D613}.Release|Any CPU.Build.0 = Release|Any CPU
	EndGlobalSection
	GlobalSection(SolutionProperties) = preSolution
		HideSolutionNode = FALSE
	EndGlobalSection
	GlobalSection(ExtensibilityGlobals) = postSolution
		SolutionGuid = {9980C8FE-B1B9-4622-8E76-63D59DB5919E}
	EndGlobalSection
EndGlobal
